
Microsoft Visual Studio Solution File, Format Version 12.00
# Visual Studio Version 17
VisualStudioVersion = 17.14.36401.2 d17.14
MinimumVisualStudioVersion = 10.0.40219.1
Project("{FAE04EC0-301F-11D3-BF4B-00C04F79EFBC}") = "FundamentalsDataTypes", "FundamentalsDataTypes.csproj", "{2AA6AF24-39C1-4CBE-B201-B1399616D101}"
EndProject
Global
	GlobalSection(SolutionConfigurationPlatforms) = preSolution
		Debug|Any CPU = Debug|Any CPU
		Release|Any CPU = Release|Any CPU
	EndGlobalSection
	GlobalSection(ProjectConfigurationPlatforms) = postSolution
		{2AA6AF24-39C1-4CBE-B201-B1399616D101}.Debug|Any CPU.ActiveCfg = Debug|Any CPU
		{2AA6AF24-39C1-4CBE-B201-B1399616D101}.Debug|Any CPU.Build.0 = Debug|Any CPU
		{2AA6AF24-39C1-4CBE-B201-B1399616D101}.Release|Any CPU.ActiveCfg = Release|Any CPU
		{2AA6AF24-39C1-4CBE-B201-B1399616D101}.Release|Any CPU.Build.0 = Release|Any CPU
	EndGlobalSection
	GlobalSection(SolutionProperties) = preSolution
		HideSolutionNode = FALSE
	EndGlobalSection
	GlobalSection(ExtensibilityGlobals) = postSolution
		SolutionGuid = {7E8EDA57-EBDB-4808-9DAA-DE51981387F4}
	EndGlobalSection
EndGlobal
